<?xml version="1.0" encoding="utf-8"?>
<Project ToolsVersion="4.0" xmlns="http://schemas.microsoft.com/developer/msbuild/2003">
  <ItemGroup>
    <ClInclude Include="scratchvr.h" />
    <ClInclude Include="platform\PlatformMacros.h">
      <Filter>platform</Filter>
    </ClInclude>
    <ClInclude Include="platform\PlatformConfig.h">
      <Filter>platform</Filter>
    </ClInclude>
    <ClInclude Include="platform\win32\PlatformDefine-win32.h">
      <Filter>platform\win32</Filter>
    </ClInclude>
    <ClInclude Include="platform\ApplicationInterface.h">
      <Filter>platform</Filter>
    </ClInclude>
    <ClInclude Include="platform\win32\Application-win32.h">
      <Filter>platform\win32</Filter>
    </ClInclude>
    <ClInclude Include="platform\PlatformDefine.h">
      <Filter>platform</Filter>
    </ClInclude>
  </ItemGroup>
  <ItemGroup>
    <Filter Include="platform">
      <UniqueIdentifier>{2c2a0f8a-66d2-49db-9c1f-6028f1ee6f2d}</UniqueIdentifier>
    </Filter>
    <Filter Include="base">
      <UniqueIdentifier>{72d2b230-e822-4436-a623-59c911fed3df}</UniqueIdentifier>
    </Filter>
    <Filter Include="3d">
      <UniqueIdentifier>{02ce88ef-6dd6-4c19-aa29-382f4c1442aa}</UniqueIdentifier>
    </Filter>
    <Filter Include="math">
      <UniqueIdentifier>{b85ba960-0595-4267-b18f-4931deff46b4}</UniqueIdentifier>
    </Filter>
    <Filter Include="platform\win32">
      <UniqueIdentifier>{370ef2c2-a456-4d60-898b-9ef43d6a13c6}</UniqueIdentifier>
    </Filter>
  </ItemGroup>
  <ItemGroup>
    <ClCompile Include="scratchvr.cpp" />
    <ClCompile Include="platform\win32\Application-win32.cpp">
      <Filter>platform\win32</Filter>
    </ClCompile>
  </ItemGroup>
</Project>